
Microsoft Visual Studio Solution File, Format Version 12.00
# Visual Studio 2013
VisualStudioVersion = 12.0.30110.0
MinimumVisualStudioVersion = 10.0.40219.1
Project("{FAE04EC0-301F-11D3-BF4B-00C04F79EFBC}") = "CSharpDynamic", "CSharpDynamic\CSharpDynamic.csproj", "{78A518CB-4F08-440E-A554-56983AA894A6}"
EndProject
Project("{FAE04EC0-301F-11D3-BF4B-00C04F79EFBC}") = "CSharpScriptEngine", "CSharpScriptEngine\CSharpScriptEngine.csproj", "{125865AF-593F-40A3-BCE0-C1510166AF34}"
EndProject
Project("{FAE04EC0-301F-11D3-BF4B-00C04F79EFBC}") = "CSharpIpyDotNet", "CSharpIpyDotNet\CSharpIpyDotNet.csproj", "{16427272-E160-45FA-841A-0DE52B56A5EA}"
EndProject
Project("{FAE04EC0-301F-11D3-BF4B-00C04F79EFBC}") = "CSharpIpyAssy", "CSharpIpyAssy\CSharpIpyAssy.csproj", "{D4AD8B7F-1DD8-47A0-BB76-6D397ED67CDB}"
EndProject
Project("{FAE04EC0-301F-11D3-BF4B-00C04F79EFBC}") = "WorkTasks", "WorkTasks\WorkTasks.csproj", "{DF3BAA3C-F0B8-4A02-B405-ABDDCDE35077}"
EndProject
Global
	GlobalSection(SolutionConfigurationPlatforms) = preSolution
		Debug|Any CPU = Debug|Any CPU
		Release|Any CPU = Release|Any CPU
	EndGlobalSection
	GlobalSection(ProjectConfigurationPlatforms) = postSolution
		{78A518CB-4F08-440E-A554-56983AA894A6}.Debug|Any CPU.ActiveCfg = Debug|Any CPU
		{78A518CB-4F08-440E-A554-56983AA894A6}.Debug|Any CPU.Build.0 = Debug|Any CPU
		{78A518CB-4F08-440E-A554-56983AA894A6}.Release|Any CPU.ActiveCfg = Release|Any CPU
		{78A518CB-4F08-440E-A554-56983AA894A6}.Release|Any CPU.Build.0 = Release|Any CPU
		{125865AF-593F-40A3-BCE0-C1510166AF34}.Debug|Any CPU.ActiveCfg = Debug|Any CPU
		{125865AF-593F-40A3-BCE0-C1510166AF34}.Debug|Any CPU.Build.0 = Debug|Any CPU
		{125865AF-593F-40A3-BCE0-C1510166AF34}.Release|Any CPU.ActiveCfg = Release|Any CPU
		{125865AF-593F-40A3-BCE0-C1510166AF34}.Release|Any CPU.Build.0 = Release|Any CPU
		{16427272-E160-45FA-841A-0DE52B56A5EA}.Debug|Any CPU.ActiveCfg = Debug|Any CPU
		{16427272-E160-45FA-841A-0DE52B56A5EA}.Debug|Any CPU.Build.0 = Debug|Any CPU
		{16427272-E160-45FA-841A-0DE52B56A5EA}.Release|Any CPU.ActiveCfg = Release|Any CPU
		{16427272-E160-45FA-841A-0DE52B56A5EA}.Release|Any CPU.Build.0 = Release|Any CPU
		{D4AD8B7F-1DD8-47A0-BB76-6D397ED67CDB}.Debug|Any CPU.ActiveCfg = Debug|Any CPU
		{D4AD8B7F-1DD8-47A0-BB76-6D397ED67CDB}.Debug|Any CPU.Build.0 = Debug|Any CPU
		{D4AD8B7F-1DD8-47A0-BB76-6D397ED67CDB}.Release|Any CPU.ActiveCfg = Release|Any CPU
		{D4AD8B7F-1DD8-47A0-BB76-6D397ED67CDB}.Release|Any CPU.Build.0 = Release|Any CPU
		{DF3BAA3C-F0B8-4A02-B405-ABDDCDE35077}.Debug|Any CPU.ActiveCfg = Debug|Any CPU
		{DF3BAA3C-F0B8-4A02-B405-ABDDCDE35077}.Debug|Any CPU.Build.0 = Debug|Any CPU
		{DF3BAA3C-F0B8-4A02-B405-ABDDCDE35077}.Release|Any CPU.ActiveCfg = Release|Any CPU
		{DF3BAA3C-F0B8-4A02-B405-ABDDCDE35077}.Release|Any CPU.Build.0 = Release|Any CPU
	EndGlobalSection
	GlobalSection(SolutionProperties) = preSolution
		HideSolutionNode = FALSE
	EndGlobalSection
EndGlobal
